
Microsoft Visual Studio Solution File, Format Version 12.00
# Visual Studio 14
VisualStudioVersion = 14.0.25420.1
MinimumVisualStudioVersion = 10.0.40219.1
Project("{2150E333-8FDC-42A3-9474-1A3956D46DE8}") = "Engine", "Engine", "{B63C8F03-B6F9-42A8-B1FF-FE89149E5CE9}"
EndProject
Project("{2150E333-8FDC-42A3-9474-1A3956D46DE8}") = "Games", "Games", "{30922151-BEF4-4B2E-82AA-FCFA7873B104}"
EndProject
Project("{8BC9CEB8-8B4A-11D0-8D11-00A0C91BC942}") = "UE4", "Intermediate\ProjectFiles\UE4.vcxproj", "{B6510D8D-0DFB-46F8-9719-34B62E149BBE}"
EndProject
Project("{8BC9CEB8-8B4A-11D0-8D11-00A0C91BC942}") = "BatteryCollector", "Intermediate\ProjectFiles\BatteryCollector.vcxproj", "{8B5A2150-50C5-40C6-B65D-55365F2E0B95}"
EndProject
Global
	GlobalSection(SolutionConfigurationPlatforms) = preSolution
		DebugGame Editor|HTML5 = DebugGame Editor|HTML5
		DebugGame Editor|Win32 = DebugGame Editor|Win32
		DebugGame Editor|Win64 = DebugGame Editor|Win64
		DebugGame|HTML5 = DebugGame|HTML5
		DebugGame|Win32 = DebugGame|Win32
		DebugGame|Win64 = DebugGame|Win64
		Development Editor|HTML5 = Development Editor|HTML5
		Development Editor|Win32 = Development Editor|Win32
		Development Editor|Win64 = Development Editor|Win64
		Development|HTML5 = Development|HTML5
		Development|Win32 = Development|Win32
		Development|Win64 = Development|Win64
		Shipping|HTML5 = Shipping|HTML5
		Shipping|Win32 = Shipping|Win32
		Shipping|Win64 = Shipping|Win64
	EndGlobalSection
	GlobalSection(ProjectConfigurationPlatforms) = postSolution
		{B6510D8D-0DFB-46F8-9719-34B62E149BBE}.DebugGame Editor|HTML5.ActiveCfg = BuiltWithUnrealBuildTool|Win32
		{B6510D8D-0DFB-46F8-9719-34B62E149BBE}.DebugGame Editor|HTML5.Build.0 = BuiltWithUnrealBuildTool|Win32
		{B6510D8D-0DFB-46F8-9719-34B62E149BBE}.DebugGame Editor|Win32.ActiveCfg = BuiltWithUnrealBuildTool|Win32
		{B6510D8D-0DFB-46F8-9719-34B62E149BBE}.DebugGame Editor|Win32.Build.0 = BuiltWithUnrealBuildTool|Win32
		{B6510D8D-0DFB-46F8-9719-34B62E149BBE}.DebugGame Editor|Win64.ActiveCfg = BuiltWithUnrealBuildTool|Win32
		{B6510D8D-0DFB-46F8-9719-34B62E149BBE}.DebugGame Editor|Win64.Build.0 = BuiltWithUnrealBuildTool|Win32
		{B6510D8D-0DFB-46F8-9719-34B62E149BBE}.DebugGame|HTML5.ActiveCfg = BuiltWithUnrealBuildTool|Win32
		{B6510D8D-0DFB-46F8-9719-34B62E149BBE}.DebugGame|HTML5.Build.0 = BuiltWithUnrealBuildTool|Win32
		{B6510D8D-0DFB-46F8-9719-34B62E149BBE}.DebugGame|Win32.ActiveCfg = BuiltWithUnrealBuildTool|Win32
		{B6510D8D-0DFB-46F8-9719-34B62E149BBE}.DebugGame|Win32.Build.0 = BuiltWithUnrealBuildTool|Win32
		{B6510D8D-0DFB-46F8-9719-34B62E149BBE}.DebugGame|Win64.ActiveCfg = BuiltWithUnrealBuildTool|Win32
		{B6510D8D-0DFB-46F8-9719-34B62E149BBE}.DebugGame|Win64.Build.0 = BuiltWithUnrealBuildTool|Win32
		{B6510D8D-0DFB-46F8-9719-34B62E149BBE}.Development Editor|HTML5.ActiveCfg = BuiltWithUnrealBuildTool|Win32
		{B6510D8D-0DFB-46F8-9719-34B62E149BBE}.Development Editor|HTML5.Build.0 = BuiltWithUnrealBuildTool|Win32
		{B6510D8D-0DFB-46F8-9719-34B62E149BBE}.Development Editor|Win32.ActiveCfg = BuiltWithUnrealBuildTool|Win32
		{B6510D8D-0DFB-46F8-9719-34B62E149BBE}.Development Editor|Win32.Build.0 = BuiltWithUnrealBuildTool|Win32
		{B6510D8D-0DFB-46F8-9719-34B62E149BBE}.Development Editor|Win64.ActiveCfg = BuiltWithUnrealBuildTool|Win32
		{B6510D8D-0DFB-46F8-9719-34B62E149BBE}.Development Editor|Win64.Build.0 = BuiltWithUnrealBuildTool|Win32
		{B6510D8D-0DFB-46F8-9719-34B62E149BBE}.Development|HTML5.ActiveCfg = BuiltWithUnrealBuildTool|Win32
		{B6510D8D-0DFB-46F8-9719-34B62E149BBE}.Development|HTML5.Build.0 = BuiltWithUnrealBuildTool|Win32
		{B6510D8D-0DFB-46F8-9719-34B62E149BBE}.Development|Win32.ActiveCfg = BuiltWithUnrealBuildTool|Win32
		{B6510D8D-0DFB-46F8-9719-34B62E149BBE}.Development|Win32.Build.0 = BuiltWithUnrealBuildTool|Win32
		{B6510D8D-0DFB-46F8-9719-34B62E149BBE}.Development|Win64.ActiveCfg = BuiltWithUnrealBuildTool|Win32
		{B6510D8D-0DFB-46F8-9719-34B62E149BBE}.Development|Win64.Build.0 = BuiltWithUnrealBuildTool|Win32
		{B6510D8D-0DFB-46F8-9719-34B62E149BBE}.Shipping|HTML5.ActiveCfg = BuiltWithUnrealBuildTool|Win32
		{B6510D8D-0DFB-46F8-9719-34B62E149BBE}.Shipping|HTML5.Build.0 = BuiltWithUnrealBuildTool|Win32
		{B6510D8D-0DFB-46F8-9719-34B62E149BBE}.Shipping|Win32.ActiveCfg = BuiltWithUnrealBuildTool|Win32
		{B6510D8D-0DFB-46F8-9719-34B62E149BBE}.Shipping|Win32.Build.0 = BuiltWithUnrealBuildTool|Win32
		{B6510D8D-0DFB-46F8-9719-34B62E149BBE}.Shipping|Win64.ActiveCfg = BuiltWithUnrealBuildTool|Win32
		{B6510D8D-0DFB-46F8-9719-34B62E149BBE}.Shipping|Win64.Build.0 = BuiltWithUnrealBuildTool|Win32
		{8B5A2150-50C5-40C6-B65D-55365F2E0B95}.DebugGame Editor|HTML5.ActiveCfg = HTML5_DebugGame_Editor|Win32
		{8B5A2150-50C5-40C6-B65D-55365F2E0B95}.DebugGame Editor|Win32.ActiveCfg = DebugGame_Editor|Win32
		{8B5A2150-50C5-40C6-B65D-55365F2E0B95}.DebugGame Editor|Win64.ActiveCfg = DebugGame_Editor|x64
		{8B5A2150-50C5-40C6-B65D-55365F2E0B95}.DebugGame Editor|Win64.Build.0 = DebugGame_Editor|x64
		{8B5A2150-50C5-40C6-B65D-55365F2E0B95}.DebugGame|HTML5.ActiveCfg = HTML5_DebugGame_Game|Win32
		{8B5A2150-50C5-40C6-B65D-55365F2E0B95}.DebugGame|HTML5.Build.0 = HTML5_DebugGame_Game|Win32
		{8B5A2150-50C5-40C6-B65D-55365F2E0B95}.DebugGame|Win32.ActiveCfg = DebugGame_Game|Win32
		{8B5A2150-50C5-40C6-B65D-55365F2E0B95}.DebugGame|Win32.Build.0 = DebugGame_Game|Win32
		{8B5A2150-50C5-40C6-B65D-55365F2E0B95}.DebugGame|Win64.ActiveCfg = DebugGame_Game|x64
		{8B5A2150-50C5-40C6-B65D-55365F2E0B95}.DebugGame|Win64.Build.0 = DebugGame_Game|x64
		{8B5A2150-50C5-40C6-B65D-55365F2E0B95}.Development Editor|HTML5.ActiveCfg = HTML5_Development_Editor|Win32
		{8B5A2150-50C5-40C6-B65D-55365F2E0B95}.Development Editor|Win32.ActiveCfg = Development_Editor|Win32
		{8B5A2150-50C5-40C6-B65D-55365F2E0B95}.Development Editor|Win64.ActiveCfg = Development_Editor|x64
		{8B5A2150-50C5-40C6-B65D-55365F2E0B95}.Development Editor|Win64.Build.0 = Development_Editor|x64
		{8B5A2150-50C5-40C6-B65D-55365F2E0B95}.Development|HTML5.ActiveCfg = HTML5_Development_Game|Win32
		{8B5A2150-50C5-40C6-B65D-55365F2E0B95}.Development|HTML5.Build.0 = HTML5_Development_Game|Win32
		{8B5A2150-50C5-40C6-B65D-55365F2E0B95}.Development|Win32.ActiveCfg = Development_Game|Win32
		{8B5A2150-50C5-40C6-B65D-55365F2E0B95}.Development|Win32.Build.0 = Development_Game|Win32
		{8B5A2150-50C5-40C6-B65D-55365F2E0B95}.Development|Win64.ActiveCfg = Development_Game|x64
		{8B5A2150-50C5-40C6-B65D-55365F2E0B95}.Development|Win64.Build.0 = Development_Game|x64
		{8B5A2150-50C5-40C6-B65D-55365F2E0B95}.Shipping|HTML5.ActiveCfg = HTML5_Shipping_Game|Win32
		{8B5A2150-50C5-40C6-B65D-55365F2E0B95}.Shipping|HTML5.Build.0 = HTML5_Shipping_Game|Win32
		{8B5A2150-50C5-40C6-B65D-55365F2E0B95}.Shipping|Win32.ActiveCfg = Shipping_Game|Win32
		{8B5A2150-50C5-40C6-B65D-55365F2E0B95}.Shipping|Win32.Build.0 = Shipping_Game|Win32
		{8B5A2150-50C5-40C6-B65D-55365F2E0B95}.Shipping|Win64.ActiveCfg = Shipping_Game|x64
		{8B5A2150-50C5-40C6-B65D-55365F2E0B95}.Shipping|Win64.Build.0 = Shipping_Game|x64
	EndGlobalSection
	GlobalSection(SolutionProperties) = preSolution
		HideSolutionNode = FALSE
	EndGlobalSection
	GlobalSection(NestedProjects) = preSolution
		{B6510D8D-0DFB-46F8-9719-34B62E149BBE} = {B63C8F03-B6F9-42A8-B1FF-FE89149E5CE9}
		{8B5A2150-50C5-40C6-B65D-55365F2E0B95} = {30922151-BEF4-4B2E-82AA-FCFA7873B104}
	EndGlobalSection
EndGlobal
